# @generated - this file is auto-generated by `mise lock` https://mise.jdx.dev/dev-tools/mise-lock.html

lockfile_version = 2

[[tools."github:lxc/incus"]]
version = "7.4.0"
backend = "github:lxc/incus"
specifiers = ["v7.4.0"]

[tools."github:lxc/incus".options]
matching = "incus-simplestreams"

[tools."github:lxc/incus"."platforms.linux-arm64"]
checksum = "sha256:1109e5c42c19d737e55107f306747f78ffb47a224f25f45398992d71f5af9a86"
url = "https://github.com/lxc/incus/releases/download/v7.4.0/bin.linux.incus-simplestreams.aarch64"
url_api = "https://api.github.com/repos/lxc/incus/releases/assets/532980295"
provenance = "github-attestations"

[tools."github:lxc/incus"."platforms.linux-arm64-musl"]
checksum = "sha256:1109e5c42c19d737e55107f306747f78ffb47a224f25f45398992d71f5af9a86"
url = "https://github.com/lxc/incus/releases/download/v7.4.0/bin.linux.incus-simplestreams.aarch64"
url_api = "https://api.github.com/repos/lxc/incus/releases/assets/532980295"
provenance = "github-attestations"

[tools."github:lxc/incus"."platforms.linux-x64"]
checksum = "sha256:5e421d4787835bdab65b3dffa68fc44b48118996aad65e49fd16083efb9381a3"
url = "https://github.com/lxc/incus/releases/download/v7.4.0/bin.linux.incus-simplestreams.x86_64"
url_api = "https://api.github.com/repos/lxc/incus/releases/assets/532980318"
provenance = "github-attestations"

[tools."github:lxc/incus"."platforms.linux-x64-musl"]
checksum = "sha256:5e421d4787835bdab65b3dffa68fc44b48118996aad65e49fd16083efb9381a3"
url = "https://github.com/lxc/incus/releases/download/v7.4.0/bin.linux.incus-simplestreams.x86_64"
url_api = "https://api.github.com/repos/lxc/incus/releases/assets/532980318"
provenance = "github-attestations"

[[tools."github:rclone/rclone"]]
version = "1.75.0"
backend = "github:rclone/rclone"
specifiers = ["v1.75.0"]

[tools."github:rclone/rclone"."platforms.linux-arm64"]
checksum = "sha256:d0ad88ba4c8e285b7c9efa591e0ab643280a91741e13c27f3a9c0957ccfa5203"
url = "https://github.com/rclone/rclone/releases/download/v1.75.0/rclone-v1.75.0-linux-arm64.zip"
url_api = "https://api.github.com/repos/rclone/rclone/releases/assets/496933638"

[tools."github:rclone/rclone"."platforms.linux-arm64-musl"]
checksum = "sha256:d0ad88ba4c8e285b7c9efa591e0ab643280a91741e13c27f3a9c0957ccfa5203"
url = "https://github.com/rclone/rclone/releases/download/v1.75.0/rclone-v1.75.0-linux-arm64.zip"
url_api = "https://api.github.com/repos/rclone/rclone/releases/assets/496933638"

[tools."github:rclone/rclone"."platforms.linux-x64"]
checksum = "sha256:aa2804e08f48250e71009c727124b6341cd0288465804a9a09d14663cabafbaa"
url = "https://github.com/rclone/rclone/releases/download/v1.75.0/rclone-v1.75.0-linux-amd64.zip"
url_api = "https://api.github.com/repos/rclone/rclone/releases/assets/496932792"

[tools."github:rclone/rclone"."platforms.linux-x64-musl"]
checksum = "sha256:aa2804e08f48250e71009c727124b6341cd0288465804a9a09d14663cabafbaa"
url = "https://github.com/rclone/rclone/releases/download/v1.75.0/rclone-v1.75.0-linux-amd64.zip"
url_api = "https://api.github.com/repos/rclone/rclone/releases/assets/496932792"

[tools."github:rclone/rclone"."platforms.macos-arm64"]
checksum = "sha256:35e8f2a666ce789b29111db0dd843ddabc0d59c6b609d07bcaae5d1a07cba6f8"
url = "https://github.com/rclone/rclone/releases/download/v1.75.0/rclone-v1.75.0-osx-arm64.zip"
url_api = "https://api.github.com/repos/rclone/rclone/releases/assets/496939862"

[tools."github:rclone/rclone"."platforms.macos-x64"]
checksum = "sha256:19edbb8e5e73096eb66e92a42abbc5c34bfa8981ea3986a53872c7eef85a22f4"
url = "https://github.com/rclone/rclone/releases/download/v1.75.0/rclone-v1.75.0-osx-amd64.zip"
url_api = "https://api.github.com/repos/rclone/rclone/releases/assets/496939574"

[tools."github:rclone/rclone"."platforms.windows-x64"]
checksum = "sha256:203581f0a7baeae873f2347483a798c79e2eaf5c384a4e9d866aa374f1c89ac0"
url = "https://github.com/rclone/rclone/releases/download/v1.75.0/rclone-v1.75.0-windows-amd64.zip"
url_api = "https://api.github.com/repos/rclone/rclone/releases/assets/496941642"

[[tools."go:github.com/lxc/distrobuilder/v3/distrobuilder"]]
version = "3.3.2-0.20260811001855-e2c0bcd03815"
backend = "go:github.com/lxc/distrobuilder/v3/distrobuilder"
specifiers = ["v3.3.2-0.20260811001855-e2c0bcd03815"]
