# @generated - this file is auto-generated by `mise lock` https://mise.jdx.dev/dev-tools/mise-lock.html

lockfile_version = 2

[[tools.starship]]
version = "1.26.0"
backend = "aqua:starship/starship"
specifiers = ["1.26.0"]

[tools.starship."platforms.linux-arm64"]
checksum = "sha256:dc30189378d2f2e287384e8a692d3f95ad1df64cf0e8c36aa9201516028aed6b"
url = "https://github.com/starship/starship/releases/download/v1.26.0/starship-aarch64-unknown-linux-musl.tar.gz"
url_api = "https://api.github.com/repos/starship/starship/releases/assets/460374586"

[tools.starship."platforms.linux-arm64-musl"]
checksum = "sha256:dc30189378d2f2e287384e8a692d3f95ad1df64cf0e8c36aa9201516028aed6b"
url = "https://github.com/starship/starship/releases/download/v1.26.0/starship-aarch64-unknown-linux-musl.tar.gz"
url_api = "https://api.github.com/repos/starship/starship/releases/assets/460374586"

[tools.starship."platforms.linux-x64"]
checksum = "sha256:321f0dd7af8340a5f2e6a8fec6538a04f617486f9ec70d878f91c09cd8deef22"
url = "https://github.com/starship/starship/releases/download/v1.26.0/starship-x86_64-unknown-linux-gnu.tar.gz"
url_api = "https://api.github.com/repos/starship/starship/releases/assets/460374620"

[tools.starship."platforms.linux-x64-musl"]
checksum = "sha256:b7c232b0e8249d8e55a40beb79c5c43a7d370f3f9408bd215deb0170daeaadf3"
url = "https://github.com/starship/starship/releases/download/v1.26.0/starship-x86_64-unknown-linux-musl.tar.gz"
url_api = "https://api.github.com/repos/starship/starship/releases/assets/460374630"

[tools.starship."platforms.macos-arm64"]
checksum = "sha256:c40b27b11f580411e068f2fa6c1be7830a387c0bc47a94d1d37f32b054c5361d"
url = "https://github.com/starship/starship/releases/download/v1.26.0/starship-aarch64-apple-darwin.tar.gz"
url_api = "https://api.github.com/repos/starship/starship/releases/assets/460374577"

[tools.starship."platforms.macos-x64"]
checksum = "sha256:5548f406a4b6f5695903bdea83f77ce47ec12c8c0e62dabd33122d8f133e4207"
url = "https://github.com/starship/starship/releases/download/v1.26.0/starship-x86_64-apple-darwin.tar.gz"
url_api = "https://api.github.com/repos/starship/starship/releases/assets/460374608"

[tools.starship."platforms.windows-x64"]
checksum = "sha256:690021e22f2bf2c57d5867dc0fababe5e55e714c26942bd909ffddb6c5df42f2"
url = "https://github.com/starship/starship/releases/download/v1.26.0/starship-x86_64-pc-windows-msvc.zip"
url_api = "https://api.github.com/repos/starship/starship/releases/assets/460374615"
